
Microsoft Visual Studio Solution File, Format Version 12.00
# Visual Studio Version 17
VisualStudioVersion = 17.2.32616.157
MinimumVisualStudioVersion = 10.0.40219.1
Project("{FAE04EC0-301F-11D3-BF4B-00C04F79EFBC}") = "ManagementSystem", "ManagementSystem.csproj", "{A82340A7-B10D-442B-89E4-0E1BB8B71594}"
EndProject
Global
	GlobalSection(SolutionConfigurationPlatforms) = preSolution
		Debug|Any CPU = Debug|Any CPU
		Release|Any CPU = Release|Any CPU
	EndGlobalSection
	GlobalSection(ProjectConfigurationPlatforms) = postSolution
		{A82340A7-B10D-442B-89E4-0E1BB8B71594}.Debug|Any CPU.ActiveCfg = Debug|Any CPU
		{A82340A7-B10D-442B-89E4-0E1BB8B71594}.Debug|Any CPU.Build.0 = Debug|Any CPU
		{A82340A7-B10D-442B-89E4-0E1BB8B71594}.Release|Any CPU.ActiveCfg = Release|Any CPU
		{A82340A7-B10D-442B-89E4-0E1BB8B71594}.Release|Any CPU.Build.0 = Release|Any CPU
	EndGlobalSection
	GlobalSection(SolutionProperties) = preSolution
		HideSolutionNode = FALSE
	EndGlobalSection
	GlobalSection(ExtensibilityGlobals) = postSolution
		SolutionGuid = {17069FE5-8653-4C4F-B76B-471DA667BD88}
	EndGlobalSection
EndGlobal
